// !$*UTF8*$!
{
	archiveVersion = 1;
	classes = {
	};
	objectVersion = 77;
	objects = {

/* Begin PBXBuildFile section */
		3800ST012F00000000ST001 /* SwiftTerm in Frameworks */ = {isa = PBXBuildFile; productRef = 3800ST002F00000000ST001 /* SwiftTerm */; };
		383573A13040FCDC00BB4B52 /* MarkdownParser in Frameworks */ = {isa = PBXBuildFile; productRef = 383573A03040FCDC00BB4B52 /* MarkdownParser */; };
		383573A33040FCDC00BB4B52 /* MarkdownView in Frameworks */ = {isa = PBXBuildFile; productRef = 383573A23040FCDC00BB4B52 /* MarkdownView */; };
		3852BA953033AE03004742AD /* MarkdownParser in Frameworks */ = {isa = PBXBuildFile; productRef = 3852BA943033AE03004742AD /* MarkdownParser */; };
		3852BA973033AE03004742AD /* MarkdownView in Frameworks */ = {isa = PBXBuildFile; productRef = 3852BA963033AE03004742AD /* MarkdownView */; };
		3852C70F2F71110800283682 /* WidgetKit.framework in Frameworks */ = {isa = PBXBuildFile; fileRef = 3852C70E2F71110800283682 /* WidgetKit.framework */; };
		3852C7112F71110800283682 /* SwiftUI.framework in Frameworks */ = {isa = PBXBuildFile; fileRef = 3852C7102F71110800283682 /* SwiftUI.framework */; };
		3852C7222F71110900283682 /* OpenUIWidgetsExtension.appex in Embed Foundation Extensions */ = {isa = PBXBuildFile; fileRef = 3852C70C2F71110800283682 /* OpenUIWidgetsExtension.appex */; settings = {ATTRIBUTES = (RemoveHeadersOnCopy, ); }; };
		3852CBED303629A1004742AD /* MarkdownParser in Frameworks */ = {isa = PBXBuildFile; productRef = 3852CBEC303629A1004742AD /* MarkdownParser */; };
		3852CBEF303629A1004742AD /* MarkdownView in Frameworks */ = {isa = PBXBuildFile; productRef = 3852CBEE303629A1004742AD /* MarkdownView */; };
		38754A972F845BE60012CD28 /* ReactionContextMenu in Frameworks */ = {isa = PBXBuildFile; productRef = 38754A962F845BE60012CD28 /* ReactionContextMenu */; };
		3879DA8C2FE7D4BC0064E527 /* MarkdownParser in Frameworks */ = {isa = PBXBuildFile; productRef = 3879DA8B2FE7D4BC0064E527 /* MarkdownParser */; };
		3879DA8E2FE7D4BC0064E527 /* MarkdownView in Frameworks */ = {isa = PBXBuildFile; productRef = 3879DA8D2FE7D4BC0064E527 /* MarkdownView */; };
		3879DA912FE7D4ED0064E527 /* MarkdownParser in Frameworks */ = {isa = PBXBuildFile; productRef = 3879DA902FE7D4ED0064E527 /* MarkdownParser */; };
		3879DA932FE7D4ED0064E527 /* MarkdownView in Frameworks */ = {isa = PBXBuildFile; productRef = 3879DA922FE7D4ED0064E527 /* MarkdownView */; };
		387CA40E2F882523000B5152 /* MarkdownParser in Frameworks */ = {isa = PBXBuildFile; productRef = 387CA40D2F882523000B5152 /* MarkdownParser */; };
		387CA4102F882523000B5152 /* MarkdownView in Frameworks */ = {isa = PBXBuildFile; productRef = 387CA40F2F882523000B5152 /* MarkdownView */; };
		387CAAD62F8AB953000B5152 /* MarkdownParser in Frameworks */ = {isa = PBXBuildFile; productRef = 387CAAD52F8AB953000B5152 /* MarkdownParser */; };
		387CAAD82F8AB953000B5152 /* MarkdownView in Frameworks */ = {isa = PBXBuildFile; productRef = 387CAAD72F8AB953000B5152 /* MarkdownView */; };
		3883D6B3305061D100F5DC07 /* MarkdownParser in Frameworks */ = {isa = PBXBuildFile; productRef = 3883D6B2305061D100F5DC07 /* MarkdownParser */; };
		3883D6B5305061D100F5DC07 /* MarkdownView in Frameworks */ = {isa = PBXBuildFile; productRef = 3883D6B4305061D100F5DC07 /* MarkdownView */; };
		388C02ED2FB44BD60098FB4F /* MarkdownParser in Frameworks */ = {isa = PBXBuildFile; productRef = 388C02EC2FB44BD60098FB4F /* MarkdownParser */; };
		388C02EF2FB44BD60098FB4F /* MarkdownView in Frameworks */ = {isa = PBXBuildFile; productRef = 388C02EE2FB44BD60098FB4F /* MarkdownView */; };
		388C02F72FB5131C0098FB4F /* MarkdownParser in Frameworks */ = {isa = PBXBuildFile; productRef = 388C02F62FB5131C0098FB4F /* MarkdownParser */; };
		388C02F92FB5131C0098FB4F /* MarkdownView in Frameworks */ = {isa = PBXBuildFile; productRef = 388C02F82FB5131C0098FB4F /* MarkdownView */; };
		3890E28F2F9845C10011D505 /* MarkdownParser in Frameworks */ = {isa = PBXBuildFile; productRef = 3890E28E2F9845C10011D505 /* MarkdownParser */; };
		3890E2912F9845C10011D505 /* MarkdownView in Frameworks */ = {isa = PBXBuildFile; productRef = 3890E2902F9845C10011D505 /* MarkdownView */; };
		38AA00012FA9B00000MRMAID /* BeautifulMermaid in Frameworks */ = {isa = PBXBuildFile; productRef = 38AA00002FA9B00000MRMAID /* BeautifulMermaid */; };
		38AD615B2FAB1946007725CE /* MarkdownParser in Frameworks */ = {isa = PBXBuildFile; productRef = 38AD615A2FAB1946007725CE /* MarkdownParser */; };
		38AD615D2FAB1946007725CE /* MarkdownView in Frameworks */ = {isa = PBXBuildFile; productRef = 38AD615C2FAB1946007725CE /* MarkdownView */; };
		38B6DED52FA55DDC001924FB /* MarkdownParser in Frameworks */ = {isa = PBXBuildFile; productRef = 38B6DED42FA55DDC001924FB /* MarkdownParser */; };
		38B6DED72FA55DDC001924FB /* MarkdownView in Frameworks */ = {isa = PBXBuildFile; productRef = 38B6DED62FA55DDC001924FB /* MarkdownView */; };
		38C7FDAB2FF9783D001C94A0 /* MarkdownParser in Frameworks */ = {isa = PBXBuildFile; productRef = 38C7FDAA2FF9783D001C94A0 /* MarkdownParser */; };
		38C7FDAD2FF9783D001C94A0 /* MarkdownView in Frameworks */ = {isa = PBXBuildFile; productRef = 38C7FDAC2FF9783D001C94A0 /* MarkdownView */; };
		38FEA3182FA2A18600A98F25 /* MLXAudioCore in Frameworks */ = {isa = PBXBuildFile; productRef = 38FEA3172FA2A18600A98F25 /* MLXAudioCore */; };
		38FEA31A2FA2A18600A98F25 /* MLXAudioSTT in Frameworks */ = {isa = PBXBuildFile; productRef = 38FEA3192FA2A18600A98F25 /* MLXAudioSTT */; };
		38FEA31C2FA2A18600A98F25 /* MLXAudioTTS in Frameworks */ = {isa = PBXBuildFile; productRef = 38FEA31B2FA2A18600A98F25 /* MLXAudioTTS */; };
		38SHARE012F00000000000001 /* OpenUIShareExtension.appex in Embed Foundation Extensions */ = {isa = PBXBuildFile; fileRef = 38SHARE022F00000000000002 /* OpenUIShareExtension.appex */; settings = {ATTRIBUTES = (RemoveHeadersOnCopy, ); }; };
/* End PBXBuildFile section */

/* Begin PBXContainerItemProxy section */
		3852C7202F71110900283682 /* PBXContainerItemProxy */ = {
			isa = PBXContainerItemProxy;
			containerPortal = 38EB66752F39CE5A00AED774 /* Project object */;
			proxyType = 1;
			remoteGlobalIDString = 3852C70B2F71110800283682;
			remoteInfo = OpenUIWidgetsExtension;
		};
		38SHARE032F00000000000003 /* PBXContainerItemProxy */ = {
			isa = PBXContainerItemProxy;
			containerPortal = 38EB66752F39CE5A00AED774 /* Project object */;
			proxyType = 1;
			remoteGlobalIDString = 38SHARE042F00000000000004;
			remoteInfo = OpenUIShareExtension;
		};
/* End PBXContainerItemProxy section */

/* Begin PBXCopyFilesBuildPhase section */
		38A141942F4B9A1A00697C6F /* Embed Foundation Extensions */ = {
			isa = PBXCopyFilesBuildPhase;
			buildActionMask = 2147483647;
			dstPath = "";
			dstSubfolderSpec = 13;
			files = (
				3852C7222F71110900283682 /* OpenUIWidgetsExtension.appex in Embed Foundation Extensions */,
				38SHARE012F00000000000001 /* OpenUIShareExtension.appex in Embed Foundation Extensions */,
			);
			name = "Embed Foundation Extensions";
			runOnlyForDeploymentPostprocessing = 0;
		};
/* End PBXCopyFilesBuildPhase section */

/* Begin PBXFileReference section */
		3852C70C2F71110800283682 /* OpenUIWidgetsExtension.appex */ = {isa = PBXFileReference; explicitFileType = "wrapper.app-extension"; includeInIndex = 0; path = OpenUIWidgetsExtension.appex; sourceTree = BUILT_PRODUCTS_DIR; };
		3852C70E2F71110800283682 /* WidgetKit.framework */ = {isa = PBXFileReference; lastKnownFileType = wrapper.framework; name = WidgetKit.framework; path = System/Library/Frameworks/WidgetKit.framework; sourceTree = SDKROOT; };
		3852C7102F71110800283682 /* SwiftUI.framework */ = {isa = PBXFileReference; lastKnownFileType = wrapper.framework; name = SwiftUI.framework; path = System/Library/Frameworks/SwiftUI.framework; sourceTree = SDKROOT; };
		38EB667D2F39CE5A00AED774 /* Open UI.app */ = {isa = PBXFileReference; explicitFileType = wrapper.application; includeInIndex = 0; path = "Open UI.app"; sourceTree = BUILT_PRODUCTS_DIR; };
		38SHARE022F00000000000002 /* OpenUIShareExtension.appex */ = {isa = PBXFileReference; explicitFileType = "wrapper.app-extension"; includeInIndex = 0; path = OpenUIShareExtension.appex; sourceTree = BUILT_PRODUCTS_DIR; };
/* End PBXFileReference section */

/* Begin PBXFileSystemSynchronizedBuildFileExceptionSet section */
		3852C7232F71110900283682 /* Exceptions for "OpenUIWidgets" folder in "OpenUIWidgetsExtension" target */ = {
			isa = PBXFileSystemSynchronizedBuildFileExceptionSet;
			membershipExceptions = (
				Info.plist,
			);
			target = 3852C70B2F71110800283682 /* OpenUIWidgetsExtension */;
		};
		38EB66802F39CE5B00AED774 /* Exceptions for "Open UI" folder in "Open UI" target */ = {
			isa = PBXFileSystemSynchronizedBuildFileExceptionSet;
			membershipExceptions = (
				Info.plist,
			);
			target = 38EB667C2F39CE5A00AED774 /* Open UI */;
		};
		38SHARE052F00000000000005 /* Exceptions for "OpenUIShareExtension" folder in "OpenUIShareExtension" target */ = {
			isa = PBXFileSystemSynchronizedBuildFileExceptionSet;
			membershipExceptions = (
				Info.plist,
			);
			target = 38SHARE042F00000000000004 /* OpenUIShareExtension */;
		};
/* End PBXFileSystemSynchronizedBuildFileExceptionSet section */

/* Begin PBXFileSystemSynchronizedRootGroup section */
		3852C7122F71110800283682 /* OpenUIWidgets */ = {
			isa = PBXFileSystemSynchronizedRootGroup;
			exceptions = (
				3852C7232F71110900283682 /* Exceptions for "OpenUIWidgets" folder in "OpenUIWidgetsExtension" target */,
			);
			path = OpenUIWidgets;
			sourceTree = "<group>";
		};
		38EB667F2F39CE5A00AED774 /* Open UI */ = {
			isa = PBXFileSystemSynchronizedRootGroup;
			exceptions = (
				38EB66802F39CE5B00AED774 /* Exceptions for "Open UI" folder in "Open UI" target */,
			);
			path = "Open UI";
			sourceTree = "<group>";
		};
		38SHARE062F00000000000006 /* OpenUIShareExtension */ = {
			isa = PBXFileSystemSynchronizedRootGroup;
			exceptions = (
				38SHARE052F00000000000005 /* Exceptions for "OpenUIShareExtension" folder in "OpenUIShareExtension" target */,
			);
			path = OpenUIShareExtension;
			sourceTree = "<group>";
		};
/* End PBXFileSystemSynchronizedRootGroup section */

/* Begin PBXFrameworksBuildPhase section */
		3852C7092F71110800283682 /* Frameworks */ = {
			isa = PBXFrameworksBuildPhase;
			buildActionMask = 2147483647;
			files = (
				3852C7112F71110800283682 /* SwiftUI.framework in Frameworks */,
				3852C70F2F71110800283682 /* WidgetKit.framework in Frameworks */,
			);
			runOnlyForDeploymentPostprocessing = 0;
		};
		38EB667A2F39CE5A00AED774 /* Frameworks */ = {
			isa = PBXFrameworksBuildPhase;
			buildActionMask = 2147483647;
			files = (
				383573A13040FCDC00BB4B52 /* MarkdownParser in Frameworks */,
				38FEA3182FA2A18600A98F25 /* MLXAudioCore in Frameworks */,
				38FEA31C2FA2A18600A98F25 /* MLXAudioTTS in Frameworks */,
				3879DA932FE7D4ED0064E527 /* MarkdownView in Frameworks */,
				38754A972F845BE60012CD28 /* ReactionContextMenu in Frameworks */,
				388C02F72FB5131C0098FB4F /* MarkdownParser in Frameworks */,
				3883D6B5305061D100F5DC07 /* MarkdownView in Frameworks */,
				387CAAD82F8AB953000B5152 /* MarkdownView in Frameworks */,
				38B6DED72FA55DDC001924FB /* MarkdownView in Frameworks */,
				3890E28F2F9845C10011D505 /* MarkdownParser in Frameworks */,
				3879DA912FE7D4ED0064E527 /* MarkdownParser in Frameworks */,
				383573A33040FCDC00BB4B52 /* MarkdownView in Frameworks */,
				38AD615B2FAB1946007725CE /* MarkdownParser in Frameworks */,
				3852CBED303629A1004742AD /* MarkdownParser in Frameworks */,
				387CA4102F882523000B5152 /* MarkdownView in Frameworks */,
				38B6DED52FA55DDC001924FB /* MarkdownParser in Frameworks */,
				387CAAD62F8AB953000B5152 /* MarkdownParser in Frameworks */,
				3852CBEF303629A1004742AD /* MarkdownView in Frameworks */,
				38AD615D2FAB1946007725CE /* MarkdownView in Frameworks */,
				3879DA8E2FE7D4BC0064E527 /* MarkdownView in Frameworks */,
				3852BA953033AE03004742AD /* MarkdownParser in Frameworks */,
				3879DA8C2FE7D4BC0064E527 /* MarkdownParser in Frameworks */,
				38C7FDAB2FF9783D001C94A0 /* MarkdownParser in Frameworks */,
				3852BA973033AE03004742AD /* MarkdownView in Frameworks */,
				3890E2912F9845C10011D505 /* MarkdownView in Frameworks */,
				38AA00012FA9B00000MRMAID /* BeautifulMermaid in Frameworks */,
				3800ST012F00000000ST001 /* SwiftTerm in Frameworks */,
				388C02F92FB5131C0098FB4F /* MarkdownView in Frameworks */,
				3883D6B3305061D100F5DC07 /* MarkdownParser in Frameworks */,
				387CA40E2F882523000B5152 /* MarkdownParser in Frameworks */,
				38C7FDAD2FF9783D001C94A0 /* MarkdownView in Frameworks */,
				388C02EF2FB44BD60098FB4F /* MarkdownView in Frameworks */,
				388C02ED2FB44BD60098FB4F /* MarkdownParser in Frameworks */,
				38FEA31A2FA2A18600A98F25 /* MLXAudioSTT in Frameworks */,
			);
			runOnlyForDeploymentPostprocessing = 0;
		};
		38SHARE072F00000000000007 /* Frameworks */ = {
			isa = PBXFrameworksBuildPhase;
			buildActionMask = 2147483647;
			files = (
			);
			runOnlyForDeploymentPostprocessing = 0;
		};
/* End PBXFrameworksBuildPhase section */

/* Begin PBXGroup section */
		3852C70D2F71110800283682 /* Frameworks */ = {
			isa = PBXGroup;
			children = (
				3852C70E2F71110800283682 /* WidgetKit.framework */,
				3852C7102F71110800283682 /* SwiftUI.framework */,
			);
			name = Frameworks;
			sourceTree = "<group>";
		};
		38EB66742F39CE5A00AED774 = {
			isa = PBXGroup;
			children = (
				38EB667F2F39CE5A00AED774 /* Open UI */,
				3852C7122F71110800283682 /* OpenUIWidgets */,
				38SHARE062F00000000000006 /* OpenUIShareExtension */,
				3852C70D2F71110800283682 /* Frameworks */,
				38EB667E2F39CE5A00AED774 /* Products */,
			);
			sourceTree = "<group>";
		};
		38EB667E2F39CE5A00AED774 /* Products */ = {
			isa = PBXGroup;
			children = (
				38EB667D2F39CE5A00AED774 /* Open UI.app */,
				3852C70C2F71110800283682 /* OpenUIWidgetsExtension.appex */,
				38SHARE022F00000000000002 /* OpenUIShareExtension.appex */,
			);
			name = Products;
			sourceTree = "<group>";
		};
/* End PBXGroup section */

/* Begin PBXNativeTarget section */
		3852C70B2F71110800283682 /* OpenUIWidgetsExtension */ = {
			isa = PBXNativeTarget;
			buildConfigurationList = 3852C7242F71110900283682 /* Build configuration list for PBXNativeTarget "OpenUIWidgetsExtension" */;
			buildPhases = (
				3852C7082F71110800283682 /* Sources */,
				3852C7092F71110800283682 /* Frameworks */,
				3852C70A2F71110800283682 /* Resources */,
			);
			buildRules = (
			);
			dependencies = (
			);
			fileSystemSynchronizedGroups = (
				3852C7122F71110800283682 /* OpenUIWidgets */,
			);
			name = OpenUIWidgetsExtension;
			packageProductDependencies = (
			);
			productName = OpenUIWidgetsExtension;
			productReference = 3852C70C2F71110800283682 /* OpenUIWidgetsExtension.appex */;
			productType = "com.apple.product-type.app-extension";
		};
		38EB667C2F39CE5A00AED774 /* Open UI */ = {
			isa = PBXNativeTarget;
			buildConfigurationList = 38EB668D2F39CE5C00AED774 /* Build configuration list for PBXNativeTarget "Open UI" */;
			buildPhases = (
				38EB66792F39CE5A00AED774 /* Sources */,
				38EB667A2F39CE5A00AED774 /* Frameworks */,
				38EB667B2F39CE5A00AED774 /* Resources */,
				38A141942F4B9A1A00697C6F /* Embed Foundation Extensions */,
			);
			buildRules = (
			);
			dependencies = (
				3852C7212F71110900283682 /* PBXTargetDependency */,
				38SHARE0B2F0000000000000B /* PBXTargetDependency */,
			);
			fileSystemSynchronizedGroups = (
				38EB667F2F39CE5A00AED774 /* Open UI */,
			);
			name = "Open UI";
			packageProductDependencies = (
				38AA00002FA9B00000MRMAID /* BeautifulMermaid */,
				3800ST002F00000000ST001 /* SwiftTerm */,
				38754A962F845BE60012CD28 /* ReactionContextMenu */,
				387CA40D2F882523000B5152 /* MarkdownParser */,
				387CA40F2F882523000B5152 /* MarkdownView */,
				387CAAD52F8AB953000B5152 /* MarkdownParser */,
				387CAAD72F8AB953000B5152 /* MarkdownView */,
				3890E28E2F9845C10011D505 /* MarkdownParser */,
				3890E2902F9845C10011D505 /* MarkdownView */,
				38FEA3172FA2A18600A98F25 /* MLXAudioCore */,
				38FEA3192FA2A18600A98F25 /* MLXAudioSTT */,
				38FEA31B2FA2A18600A98F25 /* MLXAudioTTS */,
				38B6DED42FA55DDC001924FB /* MarkdownParser */,
				38B6DED62FA55DDC001924FB /* MarkdownView */,
				38AD615A2FAB1946007725CE /* MarkdownParser */,
				38AD615C2FAB1946007725CE /* MarkdownView */,
				388C02EC2FB44BD60098FB4F /* MarkdownParser */,
				388C02EE2FB44BD60098FB4F /* MarkdownView */,
				388C02F62FB5131C0098FB4F /* MarkdownParser */,
				388C02F82FB5131C0098FB4F /* MarkdownView */,
				3879DA8B2FE7D4BC0064E527 /* MarkdownParser */,
				3879DA8D2FE7D4BC0064E527 /* MarkdownView */,
				3879DA902FE7D4ED0064E527 /* MarkdownParser */,
				3879DA922FE7D4ED0064E527 /* MarkdownView */,
				38C7FDAA2FF9783D001C94A0 /* MarkdownParser */,
				38C7FDAC2FF9783D001C94A0 /* MarkdownView */,
				3852BA943033AE03004742AD /* MarkdownParser */,
				3852BA963033AE03004742AD /* MarkdownView */,
				3852CBEC303629A1004742AD /* MarkdownParser */,
				3852CBEE303629A1004742AD /* MarkdownView */,
				383573A03040FCDC00BB4B52 /* MarkdownParser */,
				383573A23040FCDC00BB4B52 /* MarkdownView */,
				3883D6B2305061D100F5DC07 /* MarkdownParser */,
				3883D6B4305061D100F5DC07 /* MarkdownView */,
			);
			productName = "Open UI";
			productReference = 38EB667D2F39CE5A00AED774 /* Open UI.app */;
			productType = "com.apple.product-type.application";
		};
		38SHARE042F00000000000004 /* OpenUIShareExtension */ = {
			isa = PBXNativeTarget;
			buildConfigurationList = 38SHARE0A2F0000000000000A /* Build configuration list for PBXNativeTarget "OpenUIShareExtension" */;
			buildPhases = (
				38SHARE082F00000000000008 /* Sources */,
				38SHARE072F00000000000007 /* Frameworks */,
				38SHARE092F00000000000009 /* Resources */,
			);
			buildRules = (
			);
			dependencies = (
			);
			fileSystemSynchronizedGroups = (
				38SHARE062F00000000000006 /* OpenUIShareExtension */,
			);
			name = OpenUIShareExtension;
			packageProductDependencies = (
			);
			productName = OpenUIShareExtension;
			productReference = 38SHARE022F00000000000002 /* OpenUIShareExtension.appex */;
			productType = "com.apple.product-type.app-extension";
		};
/* End PBXNativeTarget section */

/* Begin PBXProject section */
		38EB66752F39CE5A00AED774 /* Project object */ = {
			isa = PBXProject;
			attributes = {
				BuildIndependentTargetsInParallel = 1;
				LastSwiftUpdateCheck = 2630;
				LastUpgradeCheck = 2620;
				TargetAttributes = {
					3852C70B2F71110800283682 = {
						CreatedOnToolsVersion = 26.3;
					};
					38EB667C2F39CE5A00AED774 = {
						CreatedOnToolsVersion = 26.2;
					};
					38SHARE042F00000000000004 = {
						CreatedOnToolsVersion = 26.3;
					};
				};
			};
			buildConfigurationList = 38EB66782F39CE5A00AED774 /* Build configuration list for PBXProject "Open UI" */;
			developmentRegion = en;
			hasScannedForEncodings = 0;
			knownRegions = (
				en,
				es,
				Base,
				de,
				ko,
				hi,
			);
			mainGroup = 38EB66742F39CE5A00AED774;
			minimizedProjectReferenceProxies = 1;
			packageReferences = (
				38AA00022FA9B00000MRMAID /* XCRemoteSwiftPackageReference "beautiful-mermaid-swift" */,
				38754A952F845BE60012CD28 /* XCRemoteSwiftPackageReference "ReactionContextMenu" */,
				3800STREF2F00000000ST00F /* XCRemoteSwiftPackageReference "SwiftTerm" */,
				38FEA3162FA2A18600A98F25 /* XCRemoteSwiftPackageReference "mlx-audio-swift" */,
				3883D6B1305061D100F5DC07 /* XCRemoteSwiftPackageReference "MarkdownView" */,
			);
			preferredProjectObjectVersion = 77;
			productRefGroup = 38EB667E2F39CE5A00AED774 /* Products */;
			projectDirPath = "";
			projectRoot = "";
			targets = (
				38EB667C2F39CE5A00AED774 /* Open UI */,
				3852C70B2F71110800283682 /* OpenUIWidgetsExtension */,
				38SHARE042F00000000000004 /* OpenUIShareExtension */,
			);
		};
/* End PBXProject section */

/* Begin PBXResourcesBuildPhase section */
		3852C70A2F71110800283682 /* Resources */ = {
			isa = PBXResourcesBuildPhase;
			buildActionMask = 2147483647;
			files = (
			);
			runOnlyForDeploymentPostprocessing = 0;
		};
		38EB667B2F39CE5A00AED774 /* Resources */ = {
			isa = PBXResourcesBuildPhase;
			buildActionMask = 2147483647;
			files = (
			);
			runOnlyForDeploymentPostprocessing = 0;
		};
		38SHARE092F00000000000009 /* Resources */ = {
			isa = PBXResourcesBuildPhase;
			buildActionMask = 2147483647;
			files = (
			);
			runOnlyForDeploymentPostprocessing = 0;
		};
/* End PBXResourcesBuildPhase section */

/* Begin PBXSourcesBuildPhase section */
		3852C7082F71110800283682 /* Sources */ = {
			isa = PBXSourcesBuildPhase;
			buildActionMask = 2147483647;
			files = (
			);
			runOnlyForDeploymentPostprocessing = 0;
		};
		38EB66792F39CE5A00AED774 /* Sources */ = {
			isa = PBXSourcesBuildPhase;
			buildActionMask = 2147483647;
			files = (
			);
			runOnlyForDeploymentPostprocessing = 0;
		};
		38SHARE082F00000000000008 /* Sources */ = {
			isa = PBXSourcesBuildPhase;
			buildActionMask = 2147483647;
			files = (
			);
			runOnlyForDeploymentPostprocessing = 0;
		};
/* End PBXSourcesBuildPhase section */

/* Begin PBXTargetDependency section */
		3852C7212F71110900283682 /* PBXTargetDependency */ = {
			isa = PBXTargetDependency;
			target = 3852C70B2F71110800283682 /* OpenUIWidgetsExtension */;
			targetProxy = 3852C7202F71110900283682 /* PBXContainerItemProxy */;
		};
		38SHARE0B2F0000000000000B /* PBXTargetDependency */ = {
			isa = PBXTargetDependency;
			target = 38SHARE042F00000000000004 /* OpenUIShareExtension */;
			targetProxy = 38SHARE032F00000000000003 /* PBXContainerItemProxy */;
		};
/* End PBXTargetDependency section */

/* Begin XCBuildConfiguration section */
		3852C7252F71110900283682 /* Debug */ = {
			isa = XCBuildConfiguration;
			buildSettings = {
				ASSETCATALOG_COMPILER_GLOBAL_ACCENT_COLOR_NAME = AccentColor;
				ASSETCATALOG_COMPILER_WIDGET_BACKGROUND_COLOR_NAME = WidgetBackground;
				CODE_SIGN_ENTITLEMENTS = OpenUIWidgets/OpenUIWidgets.entitlements;
				CODE_SIGN_STYLE = Automatic;
				CURRENT_PROJECT_VERSION = 1;
				DEVELOPMENT_TEAM = "";
				GENERATE_INFOPLIST_FILE = YES;
				INFOPLIST_FILE = OpenUIWidgets/Info.plist;
				INFOPLIST_KEY_CFBundleDisplayName = OpenUIWidget;
				INFOPLIST_KEY_NSHumanReadableCopyright = "";
				IPHONEOS_DEPLOYMENT_TARGET = 18.1;
				LD_RUNPATH_SEARCH_PATHS = (
					"$(inherited)",
					"@executable_path/Frameworks",
					"@executable_path/../../Frameworks",
				);
				MARKETING_VERSION = 5.6;
				PRODUCT_BUNDLE_IDENTIFIER = com.openui.openui.OpenUIWidget;
				PRODUCT_NAME = "$(TARGET_NAME)";
				SKIP_INSTALL = YES;
				STRING_CATALOG_GENERATE_SYMBOLS = YES;
				SWIFT_APPROACHABLE_CONCURRENCY = YES;
				SWIFT_EMIT_LOC_STRINGS = YES;
				SWIFT_UPCOMING_FEATURE_MEMBER_IMPORT_VISIBILITY = YES;
				SWIFT_VERSION = 5.0;
				TARGETED_DEVICE_FAMILY = "1,2";
			};
			name = Debug;
		};
		3852C7262F71110900283682 /* Release */ = {
			isa = XCBuildConfiguration;
			buildSettings = {
				ASSETCATALOG_COMPILER_GLOBAL_ACCENT_COLOR_NAME = AccentColor;
				ASSETCATALOG_COMPILER_WIDGET_BACKGROUND_COLOR_NAME = WidgetBackground;
				CODE_SIGN_ENTITLEMENTS = OpenUIWidgets/OpenUIWidgets.entitlements;
				CODE_SIGN_STYLE = Automatic;
				CURRENT_PROJECT_VERSION = 1;
				DEVELOPMENT_TEAM = "";
				GENERATE_INFOPLIST_FILE = YES;
				INFOPLIST_FILE = OpenUIWidgets/Info.plist;
				INFOPLIST_KEY_CFBundleDisplayName = OpenUIWidget;
				INFOPLIST_KEY_NSHumanReadableCopyright = "";
				IPHONEOS_DEPLOYMENT_TARGET = 18.1;
				LD_RUNPATH_SEARCH_PATHS = (
					"$(inherited)",
					"@executable_path/Frameworks",
					"@executable_path/../../Frameworks",
				);
				MARKETING_VERSION = 5.6;
				PRODUCT_BUNDLE_IDENTIFIER = com.openui.openui.OpenUIWidget;
				PRODUCT_NAME = "$(TARGET_NAME)";
				SKIP_INSTALL = YES;
				STRING_CATALOG_GENERATE_SYMBOLS = YES;
				SWIFT_APPROACHABLE_CONCURRENCY = YES;
				SWIFT_EMIT_LOC_STRINGS = YES;
				SWIFT_UPCOMING_FEATURE_MEMBER_IMPORT_VISIBILITY = YES;
				SWIFT_VERSION = 5.0;
				TARGETED_DEVICE_FAMILY = "1,2";
			};
			name = Release;
		};
		38EB668B2F39CE5C00AED774 /* Debug */ = {
			isa = XCBuildConfiguration;
			buildSettings = {
				ALWAYS_SEARCH_USER_PATHS = NO;
				ASSETCATALOG_COMPILER_GENERATE_SWIFT_ASSET_SYMBOL_EXTENSIONS = YES;
				CLANG_ANALYZER_LOCALIZABILITY_NONLOCALIZED = YES;
				CLANG_ANALYZER_NONNULL = YES;
				CLANG_ANALYZER_NUMBER_OBJECT_CONVERSION = YES_AGGRESSIVE;
				CLANG_CXX_LANGUAGE_STANDARD = "gnu++20";
				CLANG_ENABLE_MODULES = YES;
				CLANG_ENABLE_OBJC_ARC = YES;
				CLANG_ENABLE_OBJC_WEAK = YES;
				CLANG_WARN_BLOCK_CAPTURE_AUTORELEASING = YES;
				CLANG_WARN_BOOL_CONVERSION = YES;
				CLANG_WARN_COMMA = YES;
				CLANG_WARN_CONSTANT_CONVERSION = YES;
				CLANG_WARN_DEPRECATED_OBJC_IMPLEMENTATIONS = YES;
				CLANG_WARN_DIRECT_OBJC_ISA_USAGE = YES_ERROR;
				CLANG_WARN_DOCUMENTATION_COMMENTS = YES;
				CLANG_WARN_EMPTY_BODY = YES;
				CLANG_WARN_ENUM_CONVERSION = YES;
				CLANG_WARN_INFINITE_RECURSION = YES;
				CLANG_WARN_INT_CONVERSION = YES;
				CLANG_WARN_NON_LITERAL_NULL_CONVERSION = YES;
				CLANG_WARN_OBJC_IMPLICIT_RETAIN_SELF = YES;
				CLANG_WARN_OBJC_LITERAL_CONVERSION = YES;
				CLANG_WARN_OBJC_ROOT_CLASS = YES_ERROR;
				CLANG_WARN_QUOTED_INCLUDE_IN_FRAMEWORK_HEADER = YES;
				CLANG_WARN_RANGE_LOOP_ANALYSIS = YES;
				CLANG_WARN_STRICT_PROTOTYPES = YES;
				CLANG_WARN_SUSPICIOUS_MOVE = YES;
				CLANG_WARN_UNGUARDED_AVAILABILITY = YES_AGGRESSIVE;
				CLANG_WARN_UNREACHABLE_CODE = YES;
				CLANG_WARN__DUPLICATE_METHOD_MATCH = YES;
				COPY_PHASE_STRIP = NO;
				DEBUG_INFORMATION_FORMAT = dwarf;
				DEVELOPMENT_TEAM = "";
				ENABLE_STRICT_OBJC_MSGSEND = YES;
				ENABLE_TESTABILITY = YES;
				ENABLE_USER_SCRIPT_SANDBOXING = YES;
				GCC_C_LANGUAGE_STANDARD = gnu17;
				GCC_DYNAMIC_NO_PIC = NO;
				GCC_NO_COMMON_BLOCKS = YES;
				GCC_OPTIMIZATION_LEVEL = 0;
				GCC_PREPROCESSOR_DEFINITIONS = (
					"DEBUG=1",
					"$(inherited)",
				);
				GCC_WARN_64_TO_32_BIT_CONVERSION = YES;
				GCC_WARN_ABOUT_RETURN_TYPE = YES_ERROR;
				GCC_WARN_UNDECLARED_SELECTOR = YES;
				GCC_WARN_UNINITIALIZED_AUTOS = YES_AGGRESSIVE;
				GCC_WARN_UNUSED_FUNCTION = YES;
				GCC_WARN_UNUSED_VARIABLE = YES;
				IPHONEOS_DEPLOYMENT_TARGET = 18.1;
				LOCALIZATION_PREFERS_STRING_CATALOGS = YES;
				MTL_ENABLE_DEBUG_INFO = INCLUDE_SOURCE;
				MTL_FAST_MATH = YES;
				ONLY_ACTIVE_ARCH = YES;
				SDKROOT = iphoneos;
				STRING_CATALOG_GENERATE_SYMBOLS = YES;
				SWIFT_ACTIVE_COMPILATION_CONDITIONS = "DEBUG $(inherited)";
				SWIFT_OPTIMIZATION_LEVEL = "-Onone";
			};
			name = Debug;
		};
		38EB668C2F39CE5C00AED774 /* Release */ = {
			isa = XCBuildConfiguration;
			buildSettings = {
				ALWAYS_SEARCH_USER_PATHS = NO;
				ASSETCATALOG_COMPILER_GENERATE_SWIFT_ASSET_SYMBOL_EXTENSIONS = YES;
				CLANG_ANALYZER_LOCALIZABILITY_NONLOCALIZED = YES;
				CLANG_ANALYZER_NONNULL = YES;
				CLANG_ANALYZER_NUMBER_OBJECT_CONVERSION = YES_AGGRESSIVE;
				CLANG_CXX_LANGUAGE_STANDARD = "gnu++20";
				CLANG_ENABLE_MODULES = YES;
				CLANG_ENABLE_OBJC_ARC = YES;
				CLANG_ENABLE_OBJC_WEAK = YES;
				CLANG_WARN_BLOCK_CAPTURE_AUTORELEASING = YES;
				CLANG_WARN_BOOL_CONVERSION = YES;
				CLANG_WARN_COMMA = YES;
				CLANG_WARN_CONSTANT_CONVERSION = YES;
				CLANG_WARN_DEPRECATED_OBJC_IMPLEMENTATIONS = YES;
				CLANG_WARN_DIRECT_OBJC_ISA_USAGE = YES_ERROR;
				CLANG_WARN_DOCUMENTATION_COMMENTS = YES;
				CLANG_WARN_EMPTY_BODY = YES;
				CLANG_WARN_ENUM_CONVERSION = YES;
				CLANG_WARN_INFINITE_RECURSION = YES;
				CLANG_WARN_INT_CONVERSION = YES;
				CLANG_WARN_NON_LITERAL_NULL_CONVERSION = YES;
				CLANG_WARN_OBJC_IMPLICIT_RETAIN_SELF = YES;
				CLANG_WARN_OBJC_LITERAL_CONVERSION = YES;
				CLANG_WARN_OBJC_ROOT_CLASS = YES_ERROR;
				CLANG_WARN_QUOTED_INCLUDE_IN_FRAMEWORK_HEADER = YES;
				CLANG_WARN_RANGE_LOOP_ANALYSIS = YES;
				CLANG_WARN_STRICT_PROTOTYPES = YES;
				CLANG_WARN_SUSPICIOUS_MOVE = YES;
				CLANG_WARN_UNGUARDED_AVAILABILITY = YES_AGGRESSIVE;
				CLANG_WARN_UNREACHABLE_CODE = YES;
				CLANG_WARN__DUPLICATE_METHOD_MATCH = YES;
				COPY_PHASE_STRIP = NO;
				DEBUG_INFORMATION_FORMAT = "dwarf-with-dsym";
				DEVELOPMENT_TEAM = "";
				ENABLE_NS_ASSERTIONS = NO;
				ENABLE_STRICT_OBJC_MSGSEND = YES;
				ENABLE_USER_SCRIPT_SANDBOXING = YES;
				GCC_C_LANGUAGE_STANDARD = gnu17;
				GCC_NO_COMMON_BLOCKS = YES;
				GCC_WARN_64_TO_32_BIT_CONVERSION = YES;
				GCC_WARN_ABOUT_RETURN_TYPE = YES_ERROR;
				GCC_WARN_UNDECLARED_SELECTOR = YES;
				GCC_WARN_UNINITIALIZED_AUTOS = YES_AGGRESSIVE;
				GCC_WARN_UNUSED_FUNCTION = YES;
				GCC_WARN_UNUSED_VARIABLE = YES;
				IPHONEOS_DEPLOYMENT_TARGET = 18.1;
				LOCALIZATION_PREFERS_STRING_CATALOGS = YES;
				MTL_ENABLE_DEBUG_INFO = NO;
				MTL_FAST_MATH = YES;
				SDKROOT = iphoneos;
				STRING_CATALOG_GENERATE_SYMBOLS = YES;
				SWIFT_COMPILATION_MODE = wholemodule;
				VALIDATE_PRODUCT = YES;
			};
			name = Release;
		};
		38EB668E2F39CE5C00AED774 /* Debug */ = {
			isa = XCBuildConfiguration;
			buildSettings = {
				ASSETCATALOG_COMPILER_APPICON_NAME = AppIcon;
				ASSETCATALOG_COMPILER_GLOBAL_ACCENT_COLOR_NAME = AccentColor;
				CODE_SIGN_ENTITLEMENTS = "Open UI/Open UI.entitlements";
				CODE_SIGN_STYLE = Automatic;
				CURRENT_PROJECT_VERSION = 1;
				DEVELOPMENT_TEAM = "";
				ENABLE_PREVIEWS = YES;
				GENERATE_INFOPLIST_FILE = YES;
				INFOPLIST_FILE = "Open UI/Info.plist";
				INFOPLIST_KEY_CFBundleDisplayName = "Open Relay";
				INFOPLIST_KEY_LSApplicationCategoryType = "public.app-category.productivity";
				INFOPLIST_KEY_LSSupportsOpeningDocumentsInPlace = YES;
				INFOPLIST_KEY_NSCameraUsageDescription = "Open Relay needs camera access to capture photos and documents for chat attachments.";
				INFOPLIST_KEY_NSFaceIDUsageDescription = "Open Relay uses Face ID to protect your account and conversations.";
				INFOPLIST_KEY_NSMicrophoneUsageDescription = "Open Relay needs microphone access for voice input and voice calls.";
				INFOPLIST_KEY_NSPhotoLibraryAddUsageDescription = "Open Relay needs permission to save images generated in conversations to your photo library.";
				INFOPLIST_KEY_NSPhotoLibraryUsageDescription = "Open Relay needs photo library access to attach images to your conversations.";
				INFOPLIST_KEY_NSSpeechRecognitionUsageDescription = "Open Relay uses speech recognition to convert your voice input to text.";
				INFOPLIST_KEY_UIApplicationSceneManifest_Generation = YES;
				INFOPLIST_KEY_UIApplicationSupportsIndirectInputEvents = YES;
				INFOPLIST_KEY_UILaunchScreen_Generation = YES;
				INFOPLIST_KEY_UISupportedInterfaceOrientations = "UIInterfaceOrientationLandscapeLeft UIInterfaceOrientationLandscapeRight UIInterfaceOrientationPortrait UIInterfaceOrientationPortraitUpsideDown";
				INFOPLIST_KEY_UISupportsDocumentBrowser = YES;
				IPHONEOS_DEPLOYMENT_TARGET = 18.1;
				LD_RUNPATH_SEARCH_PATHS = (
					"$(inherited)",
					"@executable_path/Frameworks",
				);
				MARKETING_VERSION = 5.6;
				PRODUCT_BUNDLE_IDENTIFIER = com.openui.openui;
				PRODUCT_NAME = "$(TARGET_NAME)";
				STRING_CATALOG_GENERATE_SYMBOLS = YES;
				SUPPORTED_PLATFORMS = "iphoneos iphonesimulator";
				SUPPORTS_MACCATALYST = NO;
				SUPPORTS_MAC_DESIGNED_FOR_IPHONE_IPAD = YES;
				SUPPORTS_XR_DESIGNED_FOR_IPHONE_IPAD = YES;
				SWIFT_APPROACHABLE_CONCURRENCY = YES;
				SWIFT_DEFAULT_ACTOR_ISOLATION = MainActor;
				SWIFT_EMIT_LOC_STRINGS = YES;
				SWIFT_UPCOMING_FEATURE_MEMBER_IMPORT_VISIBILITY = YES;
				SWIFT_VERSION = 5.0;
				TARGETED_DEVICE_FAMILY = "1,2";
			};
			name = Debug;
		};
		38EB668F2F39CE5C00AED774 /* Release */ = {
			isa = XCBuildConfiguration;
			buildSettings = {
				ASSETCATALOG_COMPILER_APPICON_NAME = AppIcon;
				ASSETCATALOG_COMPILER_GLOBAL_ACCENT_COLOR_NAME = AccentColor;
				CODE_SIGN_ENTITLEMENTS = "Open UI/Open UI.entitlements";
				CODE_SIGN_STYLE = Automatic;
				CURRENT_PROJECT_VERSION = 1;
				DEVELOPMENT_TEAM = "";
				ENABLE_PREVIEWS = YES;
				GENERATE_INFOPLIST_FILE = YES;
				INFOPLIST_FILE = "Open UI/Info.plist";
				INFOPLIST_KEY_CFBundleDisplayName = "Open Relay";
				INFOPLIST_KEY_LSApplicationCategoryType = "public.app-category.productivity";
				INFOPLIST_KEY_LSSupportsOpeningDocumentsInPlace = YES;
				INFOPLIST_KEY_NSCameraUsageDescription = "Open Relay needs camera access to capture photos and documents for chat attachments.";
				INFOPLIST_KEY_NSFaceIDUsageDescription = "Open Relay uses Face ID to protect your account and conversations.";
				INFOPLIST_KEY_NSMicrophoneUsageDescription = "Open Relay needs microphone access for voice input and voice calls.";
				INFOPLIST_KEY_NSPhotoLibraryAddUsageDescription = "Open Relay needs permission to save images generated in conversations to your photo library.";
				INFOPLIST_KEY_NSPhotoLibraryUsageDescription = "Open Relay needs photo library access to attach images to your conversations.";
				INFOPLIST_KEY_NSSpeechRecognitionUsageDescription = "Open Relay uses speech recognition to convert your voice input to text.";
				INFOPLIST_KEY_UIApplicationSceneManifest_Generation = YES;
				INFOPLIST_KEY_UIApplicationSupportsIndirectInputEvents = YES;
				INFOPLIST_KEY_UILaunchScreen_Generation = YES;
				INFOPLIST_KEY_UISupportedInterfaceOrientations = "UIInterfaceOrientationLandscapeLeft UIInterfaceOrientationLandscapeRight UIInterfaceOrientationPortrait UIInterfaceOrientationPortraitUpsideDown";
				INFOPLIST_KEY_UISupportsDocumentBrowser = YES;
				IPHONEOS_DEPLOYMENT_TARGET = 18.1;
				LD_RUNPATH_SEARCH_PATHS = (
					"$(inherited)",
					"@executable_path/Frameworks",
				);
				MARKETING_VERSION = 5.6;
				PRODUCT_BUNDLE_IDENTIFIER = com.openui.openui;
				PRODUCT_NAME = "$(TARGET_NAME)";
				STRING_CATALOG_GENERATE_SYMBOLS = YES;
				SUPPORTED_PLATFORMS = "iphoneos iphonesimulator";
				SUPPORTS_MACCATALYST = NO;
				SUPPORTS_MAC_DESIGNED_FOR_IPHONE_IPAD = YES;
				SUPPORTS_XR_DESIGNED_FOR_IPHONE_IPAD = YES;
				SWIFT_APPROACHABLE_CONCURRENCY = YES;
				SWIFT_DEFAULT_ACTOR_ISOLATION = MainActor;
				SWIFT_EMIT_LOC_STRINGS = YES;
				SWIFT_UPCOMING_FEATURE_MEMBER_IMPORT_VISIBILITY = YES;
				SWIFT_VERSION = 5.0;
				TARGETED_DEVICE_FAMILY = "1,2";
			};
			name = Release;
		};
		38SHARE0C2F0000000000000C /* Debug */ = {
			isa = XCBuildConfiguration;
			buildSettings = {
				CODE_SIGN_ENTITLEMENTS = OpenUIShareExtension/ShareExtension.entitlements;
				CODE_SIGN_STYLE = Automatic;
				CURRENT_PROJECT_VERSION = 1;
				DEVELOPMENT_TEAM = "";
				GENERATE_INFOPLIST_FILE = NO;
				INFOPLIST_FILE = OpenUIShareExtension/Info.plist;
				INFOPLIST_KEY_CFBundleDisplayName = "Open Relay";
				IPHONEOS_DEPLOYMENT_TARGET = 18.1;
				LD_RUNPATH_SEARCH_PATHS = (
					"$(inherited)",
					"@executable_path/Frameworks",
					"@executable_path/../../Frameworks",
				);
				MARKETING_VERSION = 5.6;
				PRODUCT_BUNDLE_IDENTIFIER = com.openui.openui.ShareExtension;
				PRODUCT_NAME = "$(TARGET_NAME)";
				SKIP_INSTALL = YES;
				SWIFT_APPROACHABLE_CONCURRENCY = YES;
				SWIFT_DEFAULT_ACTOR_ISOLATION = MainActor;
				SWIFT_VERSION = 5.0;
				TARGETED_DEVICE_FAMILY = "1,2";
			};
			name = Debug;
		};
		38SHARE0D2F0000000000000D /* Release */ = {
			isa = XCBuildConfiguration;
			buildSettings = {
				CODE_SIGN_ENTITLEMENTS = OpenUIShareExtension/ShareExtension.entitlements;
				CODE_SIGN_STYLE = Automatic;
				CURRENT_PROJECT_VERSION = 1;
				DEVELOPMENT_TEAM = "";
				GENERATE_INFOPLIST_FILE = NO;
				INFOPLIST_FILE = OpenUIShareExtension/Info.plist;
				INFOPLIST_KEY_CFBundleDisplayName = "Open Relay";
				IPHONEOS_DEPLOYMENT_TARGET = 18.1;
				LD_RUNPATH_SEARCH_PATHS = (
					"$(inherited)",
					"@executable_path/Frameworks",
					"@executable_path/../../Frameworks",
				);
				MARKETING_VERSION = 5.6;
				PRODUCT_BUNDLE_IDENTIFIER = com.openui.openui.ShareExtension;
				PRODUCT_NAME = "$(TARGET_NAME)";
				SKIP_INSTALL = YES;
				SWIFT_APPROACHABLE_CONCURRENCY = YES;
				SWIFT_DEFAULT_ACTOR_ISOLATION = MainActor;
				SWIFT_VERSION = 5.0;
				TARGETED_DEVICE_FAMILY = "1,2";
			};
			name = Release;
		};
/* End XCBuildConfiguration section */

/* Begin XCConfigurationList section */
		3852C7242F71110900283682 /* Build configuration list for PBXNativeTarget "OpenUIWidgetsExtension" */ = {
			isa = XCConfigurationList;
			buildConfigurations = (
				3852C7252F71110900283682 /* Debug */,
				3852C7262F71110900283682 /* Release */,
			);
			defaultConfigurationIsVisible = 0;
			defaultConfigurationName = Release;
		};
		38EB66782F39CE5A00AED774 /* Build configuration list for PBXProject "Open UI" */ = {
			isa = XCConfigurationList;
			buildConfigurations = (
				38EB668B2F39CE5C00AED774 /* Debug */,
				38EB668C2F39CE5C00AED774 /* Release */,
			);
			defaultConfigurationIsVisible = 0;
			defaultConfigurationName = Release;
		};
		38EB668D2F39CE5C00AED774 /* Build configuration list for PBXNativeTarget "Open UI" */ = {
			isa = XCConfigurationList;
			buildConfigurations = (
				38EB668E2F39CE5C00AED774 /* Debug */,
				38EB668F2F39CE5C00AED774 /* Release */,
			);
			defaultConfigurationIsVisible = 0;
			defaultConfigurationName = Release;
		};
		38SHARE0A2F0000000000000A /* Build configuration list for PBXNativeTarget "OpenUIShareExtension" */ = {
			isa = XCConfigurationList;
			buildConfigurations = (
				38SHARE0C2F0000000000000C /* Debug */,
				38SHARE0D2F0000000000000D /* Release */,
			);
			defaultConfigurationIsVisible = 0;
			defaultConfigurationName = Release;
		};
/* End XCConfigurationList section */

/* Begin XCRemoteSwiftPackageReference section */
		3800STREF2F00000000ST00F /* XCRemoteSwiftPackageReference "SwiftTerm" */ = {
			isa = XCRemoteSwiftPackageReference;
			repositoryURL = "https://github.com/migueldeicaza/SwiftTerm";
			requirement = {
				kind = upToNextMajorVersion;
				minimumVersion = 1.0.0;
			};
		};
		38754A952F845BE60012CD28 /* XCRemoteSwiftPackageReference "ReactionContextMenu" */ = {
			isa = XCRemoteSwiftPackageReference;
			repositoryURL = "https://github.com/Ichigo3766/ReactionContextMenu";
			requirement = {
				branch = main;
				kind = branch;
			};
		};
		3883D6B1305061D100F5DC07 /* XCRemoteSwiftPackageReference "MarkdownView" */ = {
			isa = XCRemoteSwiftPackageReference;
			repositoryURL = "https://github.com/Ichigo3766/MarkdownView.git";
			requirement = {
				branch = main;
				kind = branch;
			};
		};
		38AA00022FA9B00000MRMAID /* XCRemoteSwiftPackageReference "beautiful-mermaid-swift" */ = {
			isa = XCRemoteSwiftPackageReference;
			repositoryURL = "https://github.com/lukilabs/beautiful-mermaid-swift";
			requirement = {
				kind = upToNextMajorVersion;
				minimumVersion = 0.1.0;
			};
		};
		38FEA3162FA2A18600A98F25 /* XCRemoteSwiftPackageReference "mlx-audio-swift" */ = {
			isa = XCRemoteSwiftPackageReference;
			repositoryURL = "https://github.com/Blaizzy/mlx-audio-swift.git";
			requirement = {
				branch = main;
				kind = branch;
			};
		};
/* End XCRemoteSwiftPackageReference section */

/* Begin XCSwiftPackageProductDependency section */
		3800ST002F00000000ST001 /* SwiftTerm */ = {
			isa = XCSwiftPackageProductDependency;
			package = 3800STREF2F00000000ST00F /* XCRemoteSwiftPackageReference "SwiftTerm" */;
			productName = SwiftTerm;
		};
		383573A03040FCDC00BB4B52 /* MarkdownParser */ = {
			isa = XCSwiftPackageProductDependency;
			productName = MarkdownParser;
		};
		383573A23040FCDC00BB4B52 /* MarkdownView */ = {
			isa = XCSwiftPackageProductDependency;
			productName = MarkdownView;
		};
		3852BA943033AE03004742AD /* MarkdownParser */ = {
			isa = XCSwiftPackageProductDependency;
			productName = MarkdownParser;
		};
		3852BA963033AE03004742AD /* MarkdownView */ = {
			isa = XCSwiftPackageProductDependency;
			productName = MarkdownView;
		};
		3852CBEC303629A1004742AD /* MarkdownParser */ = {
			isa = XCSwiftPackageProductDependency;
			productName = MarkdownParser;
		};
		3852CBEE303629A1004742AD /* MarkdownView */ = {
			isa = XCSwiftPackageProductDependency;
			productName = MarkdownView;
		};
		38754A962F845BE60012CD28 /* ReactionContextMenu */ = {
			isa = XCSwiftPackageProductDependency;
			package = 38754A952F845BE60012CD28 /* XCRemoteSwiftPackageReference "ReactionContextMenu" */;
			productName = ReactionContextMenu;
		};
		3879DA8B2FE7D4BC0064E527 /* MarkdownParser */ = {
			isa = XCSwiftPackageProductDependency;
			productName = MarkdownParser;
		};
		3879DA8D2FE7D4BC0064E527 /* MarkdownView */ = {
			isa = XCSwiftPackageProductDependency;
			productName = MarkdownView;
		};
		3879DA902FE7D4ED0064E527 /* MarkdownParser */ = {
			isa = XCSwiftPackageProductDependency;
			productName = MarkdownParser;
		};
		3879DA922FE7D4ED0064E527 /* MarkdownView */ = {
			isa = XCSwiftPackageProductDependency;
			productName = MarkdownView;
		};
		387CA40D2F882523000B5152 /* MarkdownParser */ = {
			isa = XCSwiftPackageProductDependency;
			productName = MarkdownParser;
		};
		387CA40F2F882523000B5152 /* MarkdownView */ = {
			isa = XCSwiftPackageProductDependency;
			productName = MarkdownView;
		};
		387CAAD52F8AB953000B5152 /* MarkdownParser */ = {
			isa = XCSwiftPackageProductDependency;
			productName = MarkdownParser;
		};
		387CAAD72F8AB953000B5152 /* MarkdownView */ = {
			isa = XCSwiftPackageProductDependency;
			productName = MarkdownView;
		};
		3883D6B2305061D100F5DC07 /* MarkdownParser */ = {
			isa = XCSwiftPackageProductDependency;
			package = 3883D6B1305061D100F5DC07 /* XCRemoteSwiftPackageReference "MarkdownView" */;
			productName = MarkdownParser;
		};
		3883D6B4305061D100F5DC07 /* MarkdownView */ = {
			isa = XCSwiftPackageProductDependency;
			package = 3883D6B1305061D100F5DC07 /* XCRemoteSwiftPackageReference "MarkdownView" */;
			productName = MarkdownView;
		};
		388C02EC2FB44BD60098FB4F /* MarkdownParser */ = {
			isa = XCSwiftPackageProductDependency;
			productName = MarkdownParser;
		};
		388C02EE2FB44BD60098FB4F /* MarkdownView */ = {
			isa = XCSwiftPackageProductDependency;
			productName = MarkdownView;
		};
		388C02F62FB5131C0098FB4F /* MarkdownParser */ = {
			isa = XCSwiftPackageProductDependency;
			productName = MarkdownParser;
		};
		388C02F82FB5131C0098FB4F /* MarkdownView */ = {
			isa = XCSwiftPackageProductDependency;
			productName = MarkdownView;
		};
		3890E28E2F9845C10011D505 /* MarkdownParser */ = {
			isa = XCSwiftPackageProductDependency;
			productName = MarkdownParser;
		};
		3890E2902F9845C10011D505 /* MarkdownView */ = {
			isa = XCSwiftPackageProductDependency;
			productName = MarkdownView;
		};
		38AA00002FA9B00000MRMAID /* BeautifulMermaid */ = {
			isa = XCSwiftPackageProductDependency;
			package = 38AA00022FA9B00000MRMAID /* XCRemoteSwiftPackageReference "beautiful-mermaid-swift" */;
			productName = BeautifulMermaid;
		};
		38AD615A2FAB1946007725CE /* MarkdownParser */ = {
			isa = XCSwiftPackageProductDependency;
			productName = MarkdownParser;
		};
		38AD615C2FAB1946007725CE /* MarkdownView */ = {
			isa = XCSwiftPackageProductDependency;
			productName = MarkdownView;
		};
		38B6DED42FA55DDC001924FB /* MarkdownParser */ = {
			isa = XCSwiftPackageProductDependency;
			productName = MarkdownParser;
		};
		38B6DED62FA55DDC001924FB /* MarkdownView */ = {
			isa = XCSwiftPackageProductDependency;
			productName = MarkdownView;
		};
		38C7FDAA2FF9783D001C94A0 /* MarkdownParser */ = {
			isa = XCSwiftPackageProductDependency;
			productName = MarkdownParser;
		};
		38C7FDAC2FF9783D001C94A0 /* MarkdownView */ = {
			isa = XCSwiftPackageProductDependency;
			productName = MarkdownView;
		};
		38FEA3172FA2A18600A98F25 /* MLXAudioCore */ = {
			isa = XCSwiftPackageProductDependency;
			package = 38FEA3162FA2A18600A98F25 /* XCRemoteSwiftPackageReference "mlx-audio-swift" */;
			productName = MLXAudioCore;
		};
		38FEA3192FA2A18600A98F25 /* MLXAudioSTT */ = {
			isa = XCSwiftPackageProductDependency;
			package = 38FEA3162FA2A18600A98F25 /* XCRemoteSwiftPackageReference "mlx-audio-swift" */;
			productName = MLXAudioSTT;
		};
		38FEA31B2FA2A18600A98F25 /* MLXAudioTTS */ = {
			isa = XCSwiftPackageProductDependency;
			package = 38FEA3162FA2A18600A98F25 /* XCRemoteSwiftPackageReference "mlx-audio-swift" */;
			productName = MLXAudioTTS;
		};
/* End XCSwiftPackageProductDependency section */
	};
	rootObject = 38EB66752F39CE5A00AED774 /* Project object */;
}
